
Microsoft Visual Studio Solution File, Format Version 12.00
# Visual Studio Version 17
VisualStudioVersion = 17.5.33530.505
MinimumVisualStudioVersion = 10.0.40219.1
Project("{2150E333-8FDC-42A3-9474-1A3956D46DE8}") = "src", "src", "{C2B0179C-C2DE-4598-A47D-4944B0C80A09}"
EndProject
Project("{2150E333-8FDC-42A3-9474-1A3956D46DE8}") = "API", "API", "{0EFFF90B-C3F2-4308-9A25-AB6C8146A97F}"
EndProject
Project("{2150E333-8FDC-42A3-9474-1A3956D46DE8}") = "Core", "Core", "{4E2BF02B-D38C-4056-A015-4BEE3EED6D32}"
EndProject
Project("{2150E333-8FDC-42A3-9474-1A3956D46DE8}") = "Infranstructure", "Infranstructure", "{3ED25441-E4D6-4B84-ADCD-B8E471F8C638}"
EndProject
Project("{2150E333-8FDC-42A3-9474-1A3956D46DE8}") = "Utils", "Utils", "{F64AAD0C-18A7-4FB4-B68A-7AA821575E43}"
EndProject
Project("{9A19103F-16F7-4668-BE54-9A1E7A4F7556}") = "HR.LMS.Domain", "HR.LMS.Domain\HR.LMS.Domain.csproj", "{04BD44E1-698F-4128-9FE3-12C3B48497B3}"
EndProject
Project("{9A19103F-16F7-4668-BE54-9A1E7A4F7556}") = "HR.LMS.Application", "HR.LMS.Application\HR.LMS.Application.csproj", "{667A7FCE-5C62-4248-AC49-98B6BF8A2E66}"
EndProject
Project("{9A19103F-16F7-4668-BE54-9A1E7A4F7556}") = "HR.LMS.Helper", "HR.LMS.Helper\HR.LMS.Helper.csproj", "{63FE4DF7-C57F-462E-83A7-C03F5D36A844}"
EndProject
Project("{9A19103F-16F7-4668-BE54-9A1E7A4F7556}") = "HR.LMS.Infranstructure", "HR.LMS.Infranstructure\HR.LMS.Infranstructure.csproj", "{7C4D61CE-5E38-49C2-BDE1-144595638E52}"
EndProject
Project("{9A19103F-16F7-4668-BE54-9A1E7A4F7556}") = "HR.LMS.Persistence", "HR.LMS.Persistence\HR.LMS.Persistence.csproj", "{50DBC92D-95F8-4D7C-AE2B-AE62F03BECFF}"
EndProject
Project("{9A19103F-16F7-4668-BE54-9A1E7A4F7556}") = "HR.LMS.API", "HR.LMS.API\HR.LMS.API.csproj", "{65560CA2-B79B-4E6A-90F6-90DC73A4794D}"
EndProject
Project("{FAE04EC0-301F-11D3-BF4B-00C04F79EFBC}") = "HR.LMS.Authentication", "HR.LMS.Authentication\HR.LMS.Authentication.csproj", "{D03C78E9-53C5-4670-B9D6-682C87DD59E2}"
EndProject
Global
	GlobalSection(SolutionConfigurationPlatforms) = preSolution
		Debug|Any CPU = Debug|Any CPU
		Release|Any CPU = Release|Any CPU
	EndGlobalSection
	GlobalSection(ProjectConfigurationPlatforms) = postSolution
		{04BD44E1-698F-4128-9FE3-12C3B48497B3}.Debug|Any CPU.ActiveCfg = Debug|Any CPU
		{04BD44E1-698F-4128-9FE3-12C3B48497B3}.Debug|Any CPU.Build.0 = Debug|Any CPU
		{04BD44E1-698F-4128-9FE3-12C3B48497B3}.Release|Any CPU.ActiveCfg = Release|Any CPU
		{04BD44E1-698F-4128-9FE3-12C3B48497B3}.Release|Any CPU.Build.0 = Release|Any CPU
		{667A7FCE-5C62-4248-AC49-98B6BF8A2E66}.Debug|Any CPU.ActiveCfg = Debug|Any CPU
		{667A7FCE-5C62-4248-AC49-98B6BF8A2E66}.Debug|Any CPU.Build.0 = Debug|Any CPU
		{667A7FCE-5C62-4248-AC49-98B6BF8A2E66}.Release|Any CPU.ActiveCfg = Release|Any CPU
		{667A7FCE-5C62-4248-AC49-98B6BF8A2E66}.Release|Any CPU.Build.0 = Release|Any CPU
		{63FE4DF7-C57F-462E-83A7-C03F5D36A844}.Debug|Any CPU.ActiveCfg = Debug|Any CPU
		{63FE4DF7-C57F-462E-83A7-C03F5D36A844}.Debug|Any CPU.Build.0 = Debug|Any CPU
		{63FE4DF7-C57F-462E-83A7-C03F5D36A844}.Release|Any CPU.ActiveCfg = Release|Any CPU
		{63FE4DF7-C57F-462E-83A7-C03F5D36A844}.Release|Any CPU.Build.0 = Release|Any CPU
		{7C4D61CE-5E38-49C2-BDE1-144595638E52}.Debug|Any CPU.ActiveCfg = Debug|Any CPU
		{7C4D61CE-5E38-49C2-BDE1-144595638E52}.Debug|Any CPU.Build.0 = Debug|Any CPU
		{7C4D61CE-5E38-49C2-BDE1-144595638E52}.Release|Any CPU.ActiveCfg = Release|Any CPU
		{7C4D61CE-5E38-49C2-BDE1-144595638E52}.Release|Any CPU.Build.0 = Release|Any CPU
		{50DBC92D-95F8-4D7C-AE2B-AE62F03BECFF}.Debug|Any CPU.ActiveCfg = Debug|Any CPU
		{50DBC92D-95F8-4D7C-AE2B-AE62F03BECFF}.Debug|Any CPU.Build.0 = Debug|Any CPU
		{50DBC92D-95F8-4D7C-AE2B-AE62F03BECFF}.Release|Any CPU.ActiveCfg = Release|Any CPU
		{50DBC92D-95F8-4D7C-AE2B-AE62F03BECFF}.Release|Any CPU.Build.0 = Release|Any CPU
		{65560CA2-B79B-4E6A-90F6-90DC73A4794D}.Debug|Any CPU.ActiveCfg = Debug|Any CPU
		{65560CA2-B79B-4E6A-90F6-90DC73A4794D}.Debug|Any CPU.Build.0 = Debug|Any CPU
		{65560CA2-B79B-4E6A-90F6-90DC73A4794D}.Release|Any CPU.ActiveCfg = Release|Any CPU
		{65560CA2-B79B-4E6A-90F6-90DC73A4794D}.Release|Any CPU.Build.0 = Release|Any CPU
		{D03C78E9-53C5-4670-B9D6-682C87DD59E2}.Debug|Any CPU.ActiveCfg = Debug|Any CPU
		{D03C78E9-53C5-4670-B9D6-682C87DD59E2}.Debug|Any CPU.Build.0 = Debug|Any CPU
		{D03C78E9-53C5-4670-B9D6-682C87DD59E2}.Release|Any CPU.ActiveCfg = Release|Any CPU
		{D03C78E9-53C5-4670-B9D6-682C87DD59E2}.Release|Any CPU.Build.0 = Release|Any CPU
	EndGlobalSection
	GlobalSection(SolutionProperties) = preSolution
		HideSolutionNode = FALSE
	EndGlobalSection
	GlobalSection(NestedProjects) = preSolution
		{0EFFF90B-C3F2-4308-9A25-AB6C8146A97F} = {C2B0179C-C2DE-4598-A47D-4944B0C80A09}
		{4E2BF02B-D38C-4056-A015-4BEE3EED6D32} = {C2B0179C-C2DE-4598-A47D-4944B0C80A09}
		{3ED25441-E4D6-4B84-ADCD-B8E471F8C638} = {C2B0179C-C2DE-4598-A47D-4944B0C80A09}
		{F64AAD0C-18A7-4FB4-B68A-7AA821575E43} = {C2B0179C-C2DE-4598-A47D-4944B0C80A09}
		{04BD44E1-698F-4128-9FE3-12C3B48497B3} = {4E2BF02B-D38C-4056-A015-4BEE3EED6D32}
		{667A7FCE-5C62-4248-AC49-98B6BF8A2E66} = {4E2BF02B-D38C-4056-A015-4BEE3EED6D32}
		{63FE4DF7-C57F-462E-83A7-C03F5D36A844} = {F64AAD0C-18A7-4FB4-B68A-7AA821575E43}
		{7C4D61CE-5E38-49C2-BDE1-144595638E52} = {3ED25441-E4D6-4B84-ADCD-B8E471F8C638}
		{50DBC92D-95F8-4D7C-AE2B-AE62F03BECFF} = {3ED25441-E4D6-4B84-ADCD-B8E471F8C638}
		{65560CA2-B79B-4E6A-90F6-90DC73A4794D} = {0EFFF90B-C3F2-4308-9A25-AB6C8146A97F}
		{D03C78E9-53C5-4670-B9D6-682C87DD59E2} = {3ED25441-E4D6-4B84-ADCD-B8E471F8C638}
	EndGlobalSection
	GlobalSection(ExtensibilityGlobals) = postSolution
		SolutionGuid = {08E66C66-CF8B-4789-9079-F833B8896F17}
	EndGlobalSection
EndGlobal
